
Microsoft Visual Studio Solution File, Format Version 12.00
# Visual Studio Version 17
VisualStudioVersion = 17.0.31903.59
MinimumVisualStudioVersion = 10.0.40219.1
Project("{FAE04EC0-301F-11D3-BF4B-00C04F79EFBC}") = "ClassicalAndLondonSchools", "ClassicalAndLondonSchools\ClassicalAndLondonSchools.csproj", "{1FD7D583-BD93-4297-9D7F-A7B041217712}"
EndProject
Project("{FAE04EC0-301F-11D3-BF4B-00C04F79EFBC}") = "ClassicalAndLondonSchoolsTest", "ClassicalAndLondonSchoolsTest\ClassicalAndLondonSchoolsTest.csproj", "{025C8236-8F80-4E4D-B2B6-F6C6D4C125EE}"
EndProject
Global
	GlobalSection(SolutionConfigurationPlatforms) = preSolution
		Debug|Any CPU = Debug|Any CPU
		Release|Any CPU = Release|Any CPU
	EndGlobalSection
	GlobalSection(SolutionProperties) = preSolution
		HideSolutionNode = FALSE
	EndGlobalSection
	GlobalSection(ProjectConfigurationPlatforms) = postSolution
		{1FD7D583-BD93-4297-9D7F-A7B041217712}.Debug|Any CPU.ActiveCfg = Debug|Any CPU
		{1FD7D583-BD93-4297-9D7F-A7B041217712}.Debug|Any CPU.Build.0 = Debug|Any CPU
		{1FD7D583-BD93-4297-9D7F-A7B041217712}.Release|Any CPU.ActiveCfg = Release|Any CPU
		{1FD7D583-BD93-4297-9D7F-A7B041217712}.Release|Any CPU.Build.0 = Release|Any CPU
		{025C8236-8F80-4E4D-B2B6-F6C6D4C125EE}.Debug|Any CPU.ActiveCfg = Debug|Any CPU
		{025C8236-8F80-4E4D-B2B6-F6C6D4C125EE}.Debug|Any CPU.Build.0 = Debug|Any CPU
		{025C8236-8F80-4E4D-B2B6-F6C6D4C125EE}.Release|Any CPU.ActiveCfg = Release|Any CPU
		{025C8236-8F80-4E4D-B2B6-F6C6D4C125EE}.Release|Any CPU.Build.0 = Release|Any CPU
	EndGlobalSection
EndGlobal
